
Microsoft Visual Studio Solution File, Format Version 12.00
# Visual Studio 15
VisualStudioVersion = 15.0.28307.1622
MinimumVisualStudioVersion = 10.0.40219.1
Project("{FAE04EC0-301F-11D3-BF4B-00C04F79EFBC}") = "WebApplication1", "WebApplication1\WebApplication1.csproj", "{EF4B9A1E-972A-45C9-8687-917C56886CE8}"
EndProject
Global
	GlobalSection(SolutionConfigurationPlatforms) = preSolution
		Debug|Any CPU = Debug|Any CPU
		Release|Any CPU = Release|Any CPU
	EndGlobalSection
	GlobalSection(ProjectConfigurationPlatforms) = postSolution
		{EF4B9A1E-972A-45C9-8687-917C56886CE8}.Debug|Any CPU.ActiveCfg = Debug|Any CPU
		{EF4B9A1E-972A-45C9-8687-917C56886CE8}.Debug|Any CPU.Build.0 = Debug|Any CPU
		{EF4B9A1E-972A-45C9-8687-917C56886CE8}.Release|Any CPU.ActiveCfg = Release|Any CPU
		{EF4B9A1E-972A-45C9-8687-917C56886CE8}.Release|Any CPU.Build.0 = Release|Any CPU
	EndGlobalSection
	GlobalSection(SolutionProperties) = preSolution
		HideSolutionNode = FALSE
	EndGlobalSection
	GlobalSection(ExtensibilityGlobals) = postSolution
		SolutionGuid = {17394C19-8A9E-460A-9CFA-6DA17B70C507}
	EndGlobalSection
EndGlobal
